
Microsoft Visual Studio Solution File, Format Version 12.00
# Visual Studio Version 17
VisualStudioVersion = 17.2.32616.157
MinimumVisualStudioVersion = 10.0.40219.1
Project("{FAE04EC0-301F-11D3-BF4B-00C04F79EFBC}") = "LineComp", "LineComp.csproj", "{46F420A5-8BDB-4EDE-9457-1DEC053DB03E}"
EndProject
Global
	GlobalSection(SolutionConfigurationPlatforms) = preSolution
		Debug|Any CPU = Debug|Any CPU
		Release|Any CPU = Release|Any CPU
	EndGlobalSection
	GlobalSection(ProjectConfigurationPlatforms) = postSolution
		{46F420A5-8BDB-4EDE-9457-1DEC053DB03E}.Debug|Any CPU.ActiveCfg = Debug|Any CPU
		{46F420A5-8BDB-4EDE-9457-1DEC053DB03E}.Debug|Any CPU.Build.0 = Debug|Any CPU
		{46F420A5-8BDB-4EDE-9457-1DEC053DB03E}.Release|Any CPU.ActiveCfg = Release|Any CPU
		{46F420A5-8BDB-4EDE-9457-1DEC053DB03E}.Release|Any CPU.Build.0 = Release|Any CPU
	EndGlobalSection
	GlobalSection(SolutionProperties) = preSolution
		HideSolutionNode = FALSE
	EndGlobalSection
	GlobalSection(ExtensibilityGlobals) = postSolution
		SolutionGuid = {5E64B075-36D8-431F-97AC-3A9D5DE1E2F9}
	EndGlobalSection
EndGlobal
